// !$*UTF8*$!
{
	archiveVersion = 1;
	classes = {
	};
	objectVersion = 56;
	objects = {

/* Begin PBXBuildFile section */
		100000000000000000000001 /* OpenDashApp.swift in Sources */ = {isa = PBXBuildFile; fileRef = 200000000000000000000001 /* OpenDashApp.swift */; };
		100000000000000000000002 /* OpenDashModels.swift in Sources */ = {isa = PBXBuildFile; fileRef = 200000000000000000000002 /* OpenDashModels.swift */; };
		100000000000000000000003 /* OpenDashStore.swift in Sources */ = {isa = PBXBuildFile; fileRef = 200000000000000000000003 /* OpenDashStore.swift */; };
		100000000000000000000004 /* DestinationParser.swift in Sources */ = {isa = PBXBuildFile; fileRef = 200000000000000000000004 /* DestinationParser.swift */; };
		100000000000000000000005 /* RouteService.swift in Sources */ = {isa = PBXBuildFile; fileRef = 200000000000000000000005 /* RouteService.swift */; };
		100000000000000000000006 /* LocationProvider.swift in Sources */ = {isa = PBXBuildFile; fileRef = 200000000000000000000006 /* LocationProvider.swift */; };
		100000000000000000000007 /* SecureCredentialStore.swift in Sources */ = {isa = PBXBuildFile; fileRef = 200000000000000000000007 /* SecureCredentialStore.swift */; };
		100000000000000000000013 /* DashWiFiConnector.swift in Sources */ = {isa = PBXBuildFile; fileRef = 200000000000000000000016 /* DashWiFiConnector.swift */; };
		100000000000000000000014 /* DashStreaming.swift in Sources */ = {isa = PBXBuildFile; fileRef = 200000000000000000000018 /* DashStreaming.swift */; };
		100000000000000000000008 /* Components.swift in Sources */ = {isa = PBXBuildFile; fileRef = 200000000000000000000008 /* Components.swift */; };
		100000000000000000000009 /* RootView.swift in Sources */ = {isa = PBXBuildFile; fileRef = 200000000000000000000009 /* RootView.swift */; };
		10000000000000000000000A /* HomeView.swift in Sources */ = {isa = PBXBuildFile; fileRef = 20000000000000000000000A /* HomeView.swift */; };
		10000000000000000000000B /* NavigationFeatureView.swift in Sources */ = {isa = PBXBuildFile; fileRef = 20000000000000000000000B /* NavigationFeatureView.swift */; };
		10000000000000000000000C /* VehiclesView.swift in Sources */ = {isa = PBXBuildFile; fileRef = 20000000000000000000000C /* VehiclesView.swift */; };
		10000000000000000000000D /* GarageView.swift in Sources */ = {isa = PBXBuildFile; fileRef = 20000000000000000000000D /* GarageView.swift */; };
		10000000000000000000000E /* ExpensesView.swift in Sources */ = {isa = PBXBuildFile; fileRef = 20000000000000000000000E /* ExpensesView.swift */; };
		10000000000000000000000F /* WallpapersView.swift in Sources */ = {isa = PBXBuildFile; fileRef = 20000000000000000000000F /* WallpapersView.swift */; };
		100000000000000000000010 /* SettingsView.swift in Sources */ = {isa = PBXBuildFile; fileRef = 200000000000000000000010 /* SettingsView.swift */; };
		100000000000000000000011 /* ShareViewController.swift in Sources */ = {isa = PBXBuildFile; fileRef = 200000000000000000000013 /* ShareViewController.swift */; };
		100000000000000000000012 /* OpenDashShare.appex in Embed App Extensions */ = {isa = PBXBuildFile; fileRef = 200000000000000000000015 /* OpenDashShare.appex */; settings = {ATTRIBUTES = (CodeSignOnCopy, RemoveHeadersOnCopy, ); }; };
/* End PBXBuildFile section */

/* Begin PBXContainerItemProxy section */
		520000000000000000000001 /* PBXContainerItemProxy */ = {
			isa = PBXContainerItemProxy;
			containerPortal = 600000000000000000000001 /* Project object */;
			proxyType = 1;
			remoteGlobalIDString = 500000000000000000000002;
			remoteInfo = OpenDashShare;
		};
/* End PBXContainerItemProxy section */

/* Begin PBXCopyFilesBuildPhase section */
		700000000000000000000003 /* Embed App Extensions */ = {
			isa = PBXCopyFilesBuildPhase;
			buildActionMask = 2147483647;
			dstPath = "";
			dstSubfolderSpec = 13;
			files = (
				100000000000000000000012 /* OpenDashShare.appex in Embed App Extensions */,
			);
			name = "Embed App Extensions";
			runOnlyForDeploymentPostprocessing = 0;
		};
/* End PBXCopyFilesBuildPhase section */

/* Begin PBXFileReference section */
		200000000000000000000001 /* OpenDashApp.swift */ = {isa = PBXFileReference; lastKnownFileType = sourcecode.swift; path = OpenDashApp.swift; sourceTree = "<group>"; };
		200000000000000000000002 /* OpenDashModels.swift */ = {isa = PBXFileReference; lastKnownFileType = sourcecode.swift; path = OpenDashModels.swift; sourceTree = "<group>"; };
		200000000000000000000003 /* OpenDashStore.swift */ = {isa = PBXFileReference; lastKnownFileType = sourcecode.swift; path = OpenDashStore.swift; sourceTree = "<group>"; };
		200000000000000000000004 /* DestinationParser.swift */ = {isa = PBXFileReference; lastKnownFileType = sourcecode.swift; path = DestinationParser.swift; sourceTree = "<group>"; };
		200000000000000000000005 /* RouteService.swift */ = {isa = PBXFileReference; lastKnownFileType = sourcecode.swift; path = RouteService.swift; sourceTree = "<group>"; };
		200000000000000000000006 /* LocationProvider.swift */ = {isa = PBXFileReference; lastKnownFileType = sourcecode.swift; path = LocationProvider.swift; sourceTree = "<group>"; };
		200000000000000000000007 /* SecureCredentialStore.swift */ = {isa = PBXFileReference; lastKnownFileType = sourcecode.swift; path = SecureCredentialStore.swift; sourceTree = "<group>"; };
		200000000000000000000016 /* DashWiFiConnector.swift */ = {isa = PBXFileReference; lastKnownFileType = sourcecode.swift; path = DashWiFiConnector.swift; sourceTree = "<group>"; };
		200000000000000000000018 /* DashStreaming.swift */ = {isa = PBXFileReference; lastKnownFileType = sourcecode.swift; path = DashStreaming.swift; sourceTree = "<group>"; };
		200000000000000000000008 /* Components.swift */ = {isa = PBXFileReference; lastKnownFileType = sourcecode.swift; path = Components.swift; sourceTree = "<group>"; };
		200000000000000000000009 /* RootView.swift */ = {isa = PBXFileReference; lastKnownFileType = sourcecode.swift; path = RootView.swift; sourceTree = "<group>"; };
		20000000000000000000000A /* HomeView.swift */ = {isa = PBXFileReference; lastKnownFileType = sourcecode.swift; path = HomeView.swift; sourceTree = "<group>"; };
		20000000000000000000000B /* NavigationFeatureView.swift */ = {isa = PBXFileReference; lastKnownFileType = sourcecode.swift; path = NavigationFeatureView.swift; sourceTree = "<group>"; };
		20000000000000000000000C /* VehiclesView.swift */ = {isa = PBXFileReference; lastKnownFileType = sourcecode.swift; path = VehiclesView.swift; sourceTree = "<group>"; };
		20000000000000000000000D /* GarageView.swift */ = {isa = PBXFileReference; lastKnownFileType = sourcecode.swift; path = GarageView.swift; sourceTree = "<group>"; };
		20000000000000000000000E /* ExpensesView.swift */ = {isa = PBXFileReference; lastKnownFileType = sourcecode.swift; path = ExpensesView.swift; sourceTree = "<group>"; };
		20000000000000000000000F /* WallpapersView.swift */ = {isa = PBXFileReference; lastKnownFileType = sourcecode.swift; path = WallpapersView.swift; sourceTree = "<group>"; };
		200000000000000000000010 /* SettingsView.swift */ = {isa = PBXFileReference; lastKnownFileType = sourcecode.swift; path = SettingsView.swift; sourceTree = "<group>"; };
		200000000000000000000011 /* Info.plist */ = {isa = PBXFileReference; lastKnownFileType = text.plist.xml; path = Info.plist; sourceTree = "<group>"; };
		200000000000000000000012 /* OpenDash.app */ = {isa = PBXFileReference; explicitFileType = wrapper.application; includeInIndex = 0; path = OpenDash.app; sourceTree = BUILT_PRODUCTS_DIR; };
		200000000000000000000013 /* ShareViewController.swift */ = {isa = PBXFileReference; lastKnownFileType = sourcecode.swift; path = ShareViewController.swift; sourceTree = "<group>"; };
		200000000000000000000014 /* Info.plist */ = {isa = PBXFileReference; lastKnownFileType = text.plist.xml; path = Info.plist; sourceTree = "<group>"; };
		200000000000000000000015 /* OpenDashShare.appex */ = {isa = PBXFileReference; explicitFileType = "wrapper.app-extension"; includeInIndex = 0; path = OpenDashShare.appex; sourceTree = BUILT_PRODUCTS_DIR; };
/* End PBXFileReference section */

/* Begin PBXFrameworksBuildPhase section */
		300000000000000000000001 /* Frameworks */ = {
			isa = PBXFrameworksBuildPhase;
			buildActionMask = 2147483647;
			files = (
			);
			runOnlyForDeploymentPostprocessing = 0;
		};
		300000000000000000000002 /* Frameworks */ = {
			isa = PBXFrameworksBuildPhase;
			buildActionMask = 2147483647;
			files = (
			);
			runOnlyForDeploymentPostprocessing = 0;
		};
/* End PBXFrameworksBuildPhase section */

/* Begin PBXGroup section */
		400000000000000000000001 = {
			isa = PBXGroup;
			children = (
				400000000000000000000002 /* OpenDashiOS */,
				400000000000000000000009 /* OpenDashiOSShare */,
				400000000000000000000008 /* Products */,
			);
			sourceTree = "<group>";
		};
		400000000000000000000002 /* OpenDashiOS */ = {
			isa = PBXGroup;
			children = (
				400000000000000000000003 /* App */,
				400000000000000000000004 /* Models */,
				400000000000000000000005 /* Services */,
				400000000000000000000006 /* Views */,
				200000000000000000000011 /* Info.plist */,
			);
			path = OpenDashiOS;
			sourceTree = "<group>";
		};
		400000000000000000000003 /* App */ = {
			isa = PBXGroup;
			children = (
				200000000000000000000001 /* OpenDashApp.swift */,
			);
			path = App;
			sourceTree = "<group>";
		};
		400000000000000000000004 /* Models */ = {
			isa = PBXGroup;
			children = (
				200000000000000000000002 /* OpenDashModels.swift */,
			);
			path = Models;
			sourceTree = "<group>";
		};
		400000000000000000000005 /* Services */ = {
			isa = PBXGroup;
			children = (
				200000000000000000000003 /* OpenDashStore.swift */,
				200000000000000000000004 /* DestinationParser.swift */,
				200000000000000000000005 /* RouteService.swift */,
				200000000000000000000006 /* LocationProvider.swift */,
				200000000000000000000007 /* SecureCredentialStore.swift */,
				200000000000000000000016 /* DashWiFiConnector.swift */,
				200000000000000000000018 /* DashStreaming.swift */,
			);
			path = Services;
			sourceTree = "<group>";
		};
		400000000000000000000006 /* Views */ = {
			isa = PBXGroup;
			children = (
				200000000000000000000008 /* Components.swift */,
				200000000000000000000009 /* RootView.swift */,
				20000000000000000000000A /* HomeView.swift */,
				20000000000000000000000B /* NavigationFeatureView.swift */,
				20000000000000000000000C /* VehiclesView.swift */,
				20000000000000000000000D /* GarageView.swift */,
				20000000000000000000000E /* ExpensesView.swift */,
				20000000000000000000000F /* WallpapersView.swift */,
				200000000000000000000010 /* SettingsView.swift */,
			);
			path = Views;
			sourceTree = "<group>";
		};
		400000000000000000000008 /* Products */ = {
			isa = PBXGroup;
			children = (
				200000000000000000000012 /* OpenDash.app */,
				200000000000000000000015 /* OpenDashShare.appex */,
			);
			name = Products;
			sourceTree = "<group>";
		};
		400000000000000000000009 /* OpenDashiOSShare */ = {
			isa = PBXGroup;
			children = (
				200000000000000000000013 /* ShareViewController.swift */,
				200000000000000000000014 /* Info.plist */,
			);
			path = OpenDashiOSShare;
			sourceTree = "<group>";
		};
/* End PBXGroup section */

/* Begin PBXNativeTarget section */
		500000000000000000000001 /* OpenDash */ = {
			isa = PBXNativeTarget;
			buildConfigurationList = 900000000000000000000002 /* Build configuration list for PBXNativeTarget "OpenDash" */;
			buildPhases = (
				700000000000000000000001 /* Sources */,
				300000000000000000000001 /* Frameworks */,
				700000000000000000000002 /* Resources */,
				700000000000000000000003 /* Embed App Extensions */,
			);
			buildRules = (
			);
			dependencies = (
				510000000000000000000001 /* PBXTargetDependency */,
			);
			name = OpenDash;
			productName = OpenDash;
			productReference = 200000000000000000000012 /* OpenDash.app */;
			productType = "com.apple.product-type.application";
		};
		500000000000000000000002 /* OpenDashShare */ = {
			isa = PBXNativeTarget;
			buildConfigurationList = 900000000000000000000003 /* Build configuration list for PBXNativeTarget "OpenDashShare" */;
			buildPhases = (
				700000000000000000000004 /* Sources */,
				300000000000000000000002 /* Frameworks */,
				700000000000000000000005 /* Resources */,
			);
			buildRules = (
			);
			dependencies = (
			);
			name = OpenDashShare;
			productName = OpenDashShare;
			productReference = 200000000000000000000015 /* OpenDashShare.appex */;
			productType = "com.apple.product-type.app-extension";
		};
/* End PBXNativeTarget section */

/* Begin PBXProject section */
		600000000000000000000001 /* Project object */ = {
			isa = PBXProject;
			attributes = {
				BuildIndependentTargetsInParallel = 1;
				LastSwiftUpdateCheck = 1500;
				LastUpgradeCheck = 1500;
				TargetAttributes = {
					500000000000000000000001 = {
						CreatedOnToolsVersion = 15.0;
					};
					500000000000000000000002 = {
						CreatedOnToolsVersion = 15.0;
					};
				};
			};
			buildConfigurationList = 900000000000000000000001 /* Build configuration list for PBXProject "OpenDashiOS" */;
			compatibilityVersion = "Xcode 14.0";
			developmentRegion = en;
			hasScannedForEncodings = 0;
			knownRegions = (
				en,
				Base,
			);
			mainGroup = 400000000000000000000001;
			productRefGroup = 400000000000000000000008 /* Products */;
			projectDirPath = "";
			projectRoot = "";
			targets = (
				500000000000000000000001 /* OpenDash */,
				500000000000000000000002 /* OpenDashShare */,
			);
		};
/* End PBXProject section */

/* Begin PBXResourcesBuildPhase section */
		700000000000000000000002 /* Resources */ = {
			isa = PBXResourcesBuildPhase;
			buildActionMask = 2147483647;
			files = (
			);
			runOnlyForDeploymentPostprocessing = 0;
		};
		700000000000000000000005 /* Resources */ = {
			isa = PBXResourcesBuildPhase;
			buildActionMask = 2147483647;
			files = (
			);
			runOnlyForDeploymentPostprocessing = 0;
		};
/* End PBXResourcesBuildPhase section */

/* Begin PBXSourcesBuildPhase section */
		700000000000000000000001 /* Sources */ = {
			isa = PBXSourcesBuildPhase;
			buildActionMask = 2147483647;
			files = (
				100000000000000000000001 /* OpenDashApp.swift in Sources */,
				100000000000000000000002 /* OpenDashModels.swift in Sources */,
				100000000000000000000003 /* OpenDashStore.swift in Sources */,
				100000000000000000000004 /* DestinationParser.swift in Sources */,
				100000000000000000000005 /* RouteService.swift in Sources */,
				100000000000000000000006 /* LocationProvider.swift in Sources */,
				100000000000000000000007 /* SecureCredentialStore.swift in Sources */,
				100000000000000000000013 /* DashWiFiConnector.swift in Sources */,
				100000000000000000000014 /* DashStreaming.swift in Sources */,
				100000000000000000000008 /* Components.swift in Sources */,
				100000000000000000000009 /* RootView.swift in Sources */,
				10000000000000000000000A /* HomeView.swift in Sources */,
				10000000000000000000000B /* NavigationFeatureView.swift in Sources */,
				10000000000000000000000C /* VehiclesView.swift in Sources */,
				10000000000000000000000D /* GarageView.swift in Sources */,
				10000000000000000000000E /* ExpensesView.swift in Sources */,
				10000000000000000000000F /* WallpapersView.swift in Sources */,
				100000000000000000000010 /* SettingsView.swift in Sources */,
			);
			runOnlyForDeploymentPostprocessing = 0;
		};
		700000000000000000000004 /* Sources */ = {
			isa = PBXSourcesBuildPhase;
			buildActionMask = 2147483647;
			files = (
				100000000000000000000011 /* ShareViewController.swift in Sources */,
			);
			runOnlyForDeploymentPostprocessing = 0;
		};
/* End PBXSourcesBuildPhase section */

/* Begin PBXTargetDependency section */
		510000000000000000000001 /* PBXTargetDependency */ = {
			isa = PBXTargetDependency;
			target = 500000000000000000000002 /* OpenDashShare */;
			targetProxy = 520000000000000000000001 /* PBXContainerItemProxy */;
		};
/* End PBXTargetDependency section */

/* Begin XCBuildConfiguration section */
		800000000000000000000001 /* Debug */ = {
			isa = XCBuildConfiguration;
			buildSettings = {
				ALWAYS_SEARCH_USER_PATHS = NO;
				CLANG_ANALYZER_NONNULL = YES;
				CLANG_ANALYZER_NUMBER_OBJECT_CONVERSION = YES_AGGRESSIVE;
				CLANG_CXX_LANGUAGE_STANDARD = "gnu++20";
				CLANG_ENABLE_MODULES = YES;
				CLANG_ENABLE_OBJC_ARC = YES;
				CLANG_ENABLE_OBJC_WEAK = YES;
				CLANG_WARN_BLOCK_CAPTURE_AUTORELEASING = YES;
				CLANG_WARN_BOOL_CONVERSION = YES;
				CLANG_WARN_COMMA = YES;
				CLANG_WARN_CONSTANT_CONVERSION = YES;
				CLANG_WARN_DEPRECATED_OBJC_IMPLEMENTATIONS = YES;
				CLANG_WARN_DIRECT_OBJC_ISA_USAGE = YES_ERROR;
				CLANG_WARN_DOCUMENTATION_COMMENTS = YES;
				CLANG_WARN_EMPTY_BODY = YES;
				CLANG_WARN_ENUM_CONVERSION = YES;
				CLANG_WARN_INFINITE_RECURSION = YES;
				CLANG_WARN_INT_CONVERSION = YES;
				CLANG_WARN_NON_LITERAL_NULL_CONVERSION = YES;
				CLANG_WARN_OBJC_IMPLICIT_RETAIN_SELF = YES;
				CLANG_WARN_OBJC_LITERAL_CONVERSION = YES;
				CLANG_WARN_OBJC_ROOT_CLASS = YES_ERROR;
				CLANG_WARN_QUOTED_INCLUDE_IN_FRAMEWORK_HEADER = YES;
				CLANG_WARN_RANGE_LOOP_ANALYSIS = YES;
				CLANG_WARN_STRICT_PROTOTYPES = YES;
				CLANG_WARN_SUSPICIOUS_MOVE = YES;
				CLANG_WARN_UNGUARDED_AVAILABILITY = YES_AGGRESSIVE;
				CLANG_WARN_UNREACHABLE_CODE = YES;
				CLANG_WARN__DUPLICATE_METHOD_MATCH = YES;
				COPY_PHASE_STRIP = NO;
				DEBUG_INFORMATION_FORMAT = dwarf;
				ENABLE_STRICT_OBJC_MSGSEND = YES;
				ENABLE_TESTABILITY = YES;
				GCC_C_LANGUAGE_STANDARD = gnu17;
				GCC_DYNAMIC_NO_PIC = NO;
				GCC_NO_COMMON_BLOCKS = YES;
				GCC_OPTIMIZATION_LEVEL = 0;
				GCC_PREPROCESSOR_DEFINITIONS = (
					"DEBUG=1",
					"$(inherited)",
				);
				GCC_WARN_64_TO_32_BIT_CONVERSION = YES;
				GCC_WARN_ABOUT_RETURN_TYPE = YES_ERROR;
				GCC_WARN_UNDECLARED_SELECTOR = YES;
				GCC_WARN_UNINITIALIZED_AUTOS = YES_AGGRESSIVE;
				GCC_WARN_UNUSED_FUNCTION = YES;
				GCC_WARN_UNUSED_VARIABLE = YES;
				IPHONEOS_DEPLOYMENT_TARGET = 17.0;
				MTL_ENABLE_DEBUG_INFO = INCLUDE_SOURCE;
				MTL_FAST_MATH = YES;
				ONLY_ACTIVE_ARCH = YES;
				SDKROOT = iphoneos;
				SWIFT_ACTIVE_COMPILATION_CONDITIONS = DEBUG;
				SWIFT_OPTIMIZATION_LEVEL = "-Onone";
			};
			name = Debug;
		};
		800000000000000000000002 /* Release */ = {
			isa = XCBuildConfiguration;
			buildSettings = {
				ALWAYS_SEARCH_USER_PATHS = NO;
				CLANG_ANALYZER_NONNULL = YES;
				CLANG_ANALYZER_NUMBER_OBJECT_CONVERSION = YES_AGGRESSIVE;
				CLANG_CXX_LANGUAGE_STANDARD = "gnu++20";
				CLANG_ENABLE_MODULES = YES;
				CLANG_ENABLE_OBJC_ARC = YES;
				CLANG_ENABLE_OBJC_WEAK = YES;
				CLANG_WARN_BLOCK_CAPTURE_AUTORELEASING = YES;
				CLANG_WARN_BOOL_CONVERSION = YES;
				CLANG_WARN_COMMA = YES;
				CLANG_WARN_CONSTANT_CONVERSION = YES;
				CLANG_WARN_DEPRECATED_OBJC_IMPLEMENTATIONS = YES;
				CLANG_WARN_DIRECT_OBJC_ISA_USAGE = YES_ERROR;
				CLANG_WARN_DOCUMENTATION_COMMENTS = YES;
				CLANG_WARN_EMPTY_BODY = YES;
				CLANG_WARN_ENUM_CONVERSION = YES;
				CLANG_WARN_INFINITE_RECURSION = YES;
				CLANG_WARN_INT_CONVERSION = YES;
				CLANG_WARN_NON_LITERAL_NULL_CONVERSION = YES;
				CLANG_WARN_OBJC_IMPLICIT_RETAIN_SELF = YES;
				CLANG_WARN_OBJC_LITERAL_CONVERSION = YES;
				CLANG_WARN_OBJC_ROOT_CLASS = YES_ERROR;
				CLANG_WARN_QUOTED_INCLUDE_IN_FRAMEWORK_HEADER = YES;
				CLANG_WARN_RANGE_LOOP_ANALYSIS = YES;
				CLANG_WARN_STRICT_PROTOTYPES = YES;
				CLANG_WARN_SUSPICIOUS_MOVE = YES;
				CLANG_WARN_UNGUARDED_AVAILABILITY = YES_AGGRESSIVE;
				CLANG_WARN_UNREACHABLE_CODE = YES;
				CLANG_WARN__DUPLICATE_METHOD_MATCH = YES;
				COPY_PHASE_STRIP = NO;
				DEBUG_INFORMATION_FORMAT = "dwarf-with-dsym";
				ENABLE_NS_ASSERTIONS = NO;
				ENABLE_STRICT_OBJC_MSGSEND = YES;
				GCC_C_LANGUAGE_STANDARD = gnu17;
				GCC_NO_COMMON_BLOCKS = YES;
				GCC_WARN_64_TO_32_BIT_CONVERSION = YES;
				GCC_WARN_ABOUT_RETURN_TYPE = YES_ERROR;
				GCC_WARN_UNDECLARED_SELECTOR = YES;
				GCC_WARN_UNINITIALIZED_AUTOS = YES_AGGRESSIVE;
				GCC_WARN_UNUSED_FUNCTION = YES;
				GCC_WARN_UNUSED_VARIABLE = YES;
				IPHONEOS_DEPLOYMENT_TARGET = 17.0;
				MTL_ENABLE_DEBUG_INFO = NO;
				MTL_FAST_MATH = YES;
				SDKROOT = iphoneos;
				SWIFT_COMPILATION_MODE = wholemodule;
				VALIDATE_PRODUCT = YES;
			};
			name = Release;
		};
		800000000000000000000003 /* Debug */ = {
			isa = XCBuildConfiguration;
			buildSettings = {
				ASSETCATALOG_COMPILER_GLOBAL_ACCENT_COLOR_NAME = AccentColor;
				CODE_SIGN_STYLE = Automatic;
				CURRENT_PROJECT_VERSION = 1;
				DEVELOPMENT_ASSET_PATHS = "";
				DEVELOPMENT_TEAM = 8FXPH9TBCF;
				ENABLE_PREVIEWS = YES;
				GENERATE_INFOPLIST_FILE = NO;
				INFOPLIST_FILE = OpenDashiOS/Info.plist;
				IPHONEOS_DEPLOYMENT_TARGET = 17.0;
				MARKETING_VERSION = 1.0;
				PRODUCT_BUNDLE_IDENTIFIER = com.programmerbhanu.opendashios;
				PRODUCT_NAME = OpenDash;
				SUPPORTED_PLATFORMS = "iphoneos iphonesimulator";
				SUPPORTS_MACCATALYST = NO;
				SWIFT_EMIT_LOC_STRINGS = YES;
				SWIFT_VERSION = 5.0;
				TARGETED_DEVICE_FAMILY = 1;
			};
			name = Debug;
		};
		800000000000000000000004 /* Release */ = {
			isa = XCBuildConfiguration;
			buildSettings = {
				ASSETCATALOG_COMPILER_GLOBAL_ACCENT_COLOR_NAME = AccentColor;
				CODE_SIGN_STYLE = Automatic;
				CURRENT_PROJECT_VERSION = 1;
				DEVELOPMENT_ASSET_PATHS = "";
				DEVELOPMENT_TEAM = 8FXPH9TBCF;
				ENABLE_PREVIEWS = YES;
				GENERATE_INFOPLIST_FILE = NO;
				INFOPLIST_FILE = OpenDashiOS/Info.plist;
				IPHONEOS_DEPLOYMENT_TARGET = 17.0;
				MARKETING_VERSION = 1.0;
				PRODUCT_BUNDLE_IDENTIFIER = com.programmerbhanu.opendashios;
				PRODUCT_NAME = OpenDash;
				SUPPORTED_PLATFORMS = "iphoneos iphonesimulator";
				SUPPORTS_MACCATALYST = NO;
				SWIFT_EMIT_LOC_STRINGS = YES;
				SWIFT_VERSION = 5.0;
				TARGETED_DEVICE_FAMILY = 1;
			};
			name = Release;
		};
		800000000000000000000005 /* Debug */ = {
			isa = XCBuildConfiguration;
			buildSettings = {
				APPLICATION_EXTENSION_API_ONLY = YES;
				CODE_SIGN_STYLE = Automatic;
				CURRENT_PROJECT_VERSION = 1;
				DEVELOPMENT_TEAM = 8FXPH9TBCF;
				GENERATE_INFOPLIST_FILE = NO;
				INFOPLIST_FILE = OpenDashiOSShare/Info.plist;
				IPHONEOS_DEPLOYMENT_TARGET = 17.0;
				LD_RUNPATH_SEARCH_PATHS = (
					"$(inherited)",
					"@executable_path/Frameworks",
					"@executable_path/../../Frameworks",
				);
				MARKETING_VERSION = 1.0;
				PRODUCT_BUNDLE_IDENTIFIER = com.programmerbhanu.opendashios.share;
				PRODUCT_NAME = OpenDashShare;
				SKIP_INSTALL = YES;
				SUPPORTED_PLATFORMS = "iphoneos iphonesimulator";
				SWIFT_EMIT_LOC_STRINGS = YES;
				SWIFT_VERSION = 5.0;
				TARGETED_DEVICE_FAMILY = 1;
			};
			name = Debug;
		};
		800000000000000000000006 /* Release */ = {
			isa = XCBuildConfiguration;
			buildSettings = {
				APPLICATION_EXTENSION_API_ONLY = YES;
				CODE_SIGN_STYLE = Automatic;
				CURRENT_PROJECT_VERSION = 1;
				DEVELOPMENT_TEAM = 8FXPH9TBCF;
				GENERATE_INFOPLIST_FILE = NO;
				INFOPLIST_FILE = OpenDashiOSShare/Info.plist;
				IPHONEOS_DEPLOYMENT_TARGET = 17.0;
				LD_RUNPATH_SEARCH_PATHS = (
					"$(inherited)",
					"@executable_path/Frameworks",
					"@executable_path/../../Frameworks",
				);
				MARKETING_VERSION = 1.0;
				PRODUCT_BUNDLE_IDENTIFIER = com.programmerbhanu.opendashios.share;
				PRODUCT_NAME = OpenDashShare;
				SKIP_INSTALL = YES;
				SUPPORTED_PLATFORMS = "iphoneos iphonesimulator";
				SWIFT_EMIT_LOC_STRINGS = YES;
				SWIFT_VERSION = 5.0;
				TARGETED_DEVICE_FAMILY = 1;
			};
			name = Release;
		};
/* End XCBuildConfiguration section */

/* Begin XCConfigurationList section */
		900000000000000000000001 /* Build configuration list for PBXProject "OpenDashiOS" */ = {
			isa = XCConfigurationList;
			buildConfigurations = (
				800000000000000000000001 /* Debug */,
				800000000000000000000002 /* Release */,
			);
			defaultConfigurationIsVisible = 0;
			defaultConfigurationName = Release;
		};
		900000000000000000000002 /* Build configuration list for PBXNativeTarget "OpenDash" */ = {
			isa = XCConfigurationList;
			buildConfigurations = (
				800000000000000000000003 /* Debug */,
				800000000000000000000004 /* Release */,
			);
			defaultConfigurationIsVisible = 0;
			defaultConfigurationName = Release;
		};
		900000000000000000000003 /* Build configuration list for PBXNativeTarget "OpenDashShare" */ = {
			isa = XCConfigurationList;
			buildConfigurations = (
				800000000000000000000005 /* Debug */,
				800000000000000000000006 /* Release */,
			);
			defaultConfigurationIsVisible = 0;
			defaultConfigurationName = Release;
		};
/* End XCConfigurationList section */
	};
	rootObject = 600000000000000000000001 /* Project object */;
}
